// !$*UTF8*$!
{
	archiveVersion = 1;
	classes = {
	};
	objectVersion = 46;
	objects = {

/* Begin PBXBuildFile section */
		16044B861D4C16790030FDD9 /* FancyFieldTextBox.swift in Sources */ = {isa = PBXBuildFile; fileRef = 16044B851D4C16790030FDD9 /* FancyFieldTextBox.swift */; };
		16044B881D4C17960030FDD9 /* FancyButton.swift in Sources */ = {isa = PBXBuildFile; fileRef = 16044B871D4C17960030FDD9 /* FancyButton.swift */; };
		168AC9A81D4B88B1008F4F0C /* AppDelegate.swift in Sources */ = {isa = PBXBuildFile; fileRef = 168AC9A71D4B88B1008F4F0C /* AppDelegate.swift */; };
		168AC9AA1D4B88B1008F4F0C /* SignInVC.swift in Sources */ = {isa = PBXBuildFile; fileRef = 168AC9A91D4B88B1008F4F0C /* SignInVC.swift */; };
		168AC9AD1D4B88B1008F4F0C /* Main.storyboard in Resources */ = {isa = PBXBuildFile; fileRef = 168AC9AB1D4B88B1008F4F0C /* Main.storyboard */; };
		168AC9AF1D4B88B1008F4F0C /* Assets.xcassets in Resources */ = {isa = PBXBuildFile; fileRef = 168AC9AE1D4B88B1008F4F0C /* Assets.xcassets */; };
		168AC9B21D4B88B1008F4F0C /* LaunchScreen.storyboard in Resources */ = {isa = PBXBuildFile; fileRef = 168AC9B01D4B88B1008F4F0C /* LaunchScreen.storyboard */; };
		168AC9BA1D4B89E0008F4F0C /* GoogleService-Info.plist in Resources */ = {isa = PBXBuildFile; fileRef = 168AC9B91D4B89E0008F4F0C /* GoogleService-Info.plist */; };
		168AC9C11D4C0D95008F4F0C /* FancyView.swift in Sources */ = {isa = PBXBuildFile; fileRef = 168AC9C01D4C0D95008F4F0C /* FancyView.swift */; };
		168AC9C41D4C0E92008F4F0C /* Constants.swift in Sources */ = {isa = PBXBuildFile; fileRef = 168AC9C31D4C0E92008F4F0C /* Constants.swift */; };
		16F7D4C21D4CF693001B7F1E /* FeedVC.swift in Sources */ = {isa = PBXBuildFile; fileRef = 16F7D4C11D4CF693001B7F1E /* FeedVC.swift */; };
		16F7D4C41D4D4A76001B7F1E /* CircleView.swift in Sources */ = {isa = PBXBuildFile; fileRef = 16F7D4C31D4D4A76001B7F1E /* CircleView.swift */; };
		16F7D4C61D4D4D86001B7F1E /* RoundBtn.swift in Sources */ = {isa = PBXBuildFile; fileRef = 16F7D4C51D4D4D86001B7F1E /* RoundBtn.swift */; };
		16F7D4C81D4E36D7001B7F1E /* PostCell.swift in Sources */ = {isa = PBXBuildFile; fileRef = 16F7D4C71D4E36D7001B7F1E /* PostCell.swift */; };
		16F7D4CB1D4E51F5001B7F1E /* DataService.swift in Sources */ = {isa = PBXBuildFile; fileRef = 16F7D4CA1D4E51F5001B7F1E /* DataService.swift */; };
		16F7D4CD1D4EE7A0001B7F1E /* Post.swift in Sources */ = {isa = PBXBuildFile; fileRef = 16F7D4CC1D4EE7A0001B7F1E /* Post.swift */; };
		D7AF959878A4CEFB8274E45A /* Pods_MobileDez_Social.framework in Frameworks */ = {isa = PBXBuildFile; fileRef = AAC1F4087AC54D740E588117 /* Pods_MobileDez_Social.framework */; };
/* End PBXBuildFile section */

/* Begin PBXFileReference section */
		0882B77D9E48967BDFC56C2C /* Pods-MobileDez Social.release.xcconfig */ = {isa = PBXFileReference; includeInIndex = 1; lastKnownFileType = text.xcconfig; name = "Pods-MobileDez Social.release.xcconfig"; path = "Pods/Target Support Files/Pods-MobileDez Social/Pods-MobileDez Social.release.xcconfig"; sourceTree = "<group>"; };
		16044B851D4C16790030FDD9 /* FancyFieldTextBox.swift */ = {isa = PBXFileReference; fileEncoding = 4; lastKnownFileType = sourcecode.swift; path = FancyFieldTextBox.swift; sourceTree = "<group>"; };
		16044B871D4C17960030FDD9 /* FancyButton.swift */ = {isa = PBXFileReference; fileEncoding = 4; lastKnownFileType = sourcecode.swift; path = FancyButton.swift; sourceTree = "<group>"; };
		168AC9A41D4B88B1008F4F0C /* MobileDez Social.app */ = {isa = PBXFileReference; explicitFileType = wrapper.application; includeInIndex = 0; path = "MobileDez Social.app"; sourceTree = BUILT_PRODUCTS_DIR; };
		168AC9A71D4B88B1008F4F0C /* AppDelegate.swift */ = {isa = PBXFileReference; lastKnownFileType = sourcecode.swift; path = AppDelegate.swift; sourceTree = "<group>"; };
		168AC9A91D4B88B1008F4F0C /* SignInVC.swift */ = {isa = PBXFileReference; lastKnownFileType = sourcecode.swift; path = SignInVC.swift; sourceTree = "<group>"; };
		168AC9AC1D4B88B1008F4F0C /* Base */ = {isa = PBXFileReference; lastKnownFileType = file.storyboard; name = Base; path = Base.lproj/Main.storyboard; sourceTree = "<group>"; };
		168AC9AE1D4B88B1008F4F0C /* Assets.xcassets */ = {isa = PBXFileReference; lastKnownFileType = folder.assetcatalog; path = Assets.xcassets; sourceTree = "<group>"; };
		168AC9B11D4B88B1008F4F0C /* Base */ = {isa = PBXFileReference; lastKnownFileType = file.storyboard; name = Base; path = Base.lproj/LaunchScreen.storyboard; sourceTree = "<group>"; };
		168AC9B31D4B88B1008F4F0C /* Info.plist */ = {isa = PBXFileReference; lastKnownFileType = text.plist.xml; path = Info.plist; sourceTree = "<group>"; };
		168AC9B91D4B89E0008F4F0C /* GoogleService-Info.plist */ = {isa = PBXFileReference; fileEncoding = 4; lastKnownFileType = text.plist.xml; path = "GoogleService-Info.plist"; sourceTree = "<group>"; };
		168AC9C01D4C0D95008F4F0C /* FancyView.swift */ = {isa = PBXFileReference; fileEncoding = 4; lastKnownFileType = sourcecode.swift; path = FancyView.swift; sourceTree = "<group>"; };
		168AC9C31D4C0E92008F4F0C /* Constants.swift */ = {isa = PBXFileReference; fileEncoding = 4; lastKnownFileType = sourcecode.swift; path = Constants.swift; sourceTree = "<group>"; };
		1692CABE1D4C666700126B89 /* MobileDez Social.entitlements */ = {isa = PBXFileReference; lastKnownFileType = text.plist.entitlements; path = "MobileDez Social.entitlements"; sourceTree = "<group>"; };
		16F7D4C11D4CF693001B7F1E /* FeedVC.swift */ = {isa = PBXFileReference; fileEncoding = 4; lastKnownFileType = sourcecode.swift; path = FeedVC.swift; sourceTree = "<group>"; };
		16F7D4C31D4D4A76001B7F1E /* CircleView.swift */ = {isa = PBXFileReference; fileEncoding = 4; lastKnownFileType = sourcecode.swift; path = CircleView.swift; sourceTree = "<group>"; };
		16F7D4C51D4D4D86001B7F1E /* RoundBtn.swift */ = {isa = PBXFileReference; fileEncoding = 4; lastKnownFileType = sourcecode.swift; path = RoundBtn.swift; sourceTree = "<group>"; };
		16F7D4C71D4E36D7001B7F1E /* PostCell.swift */ = {isa = PBXFileReference; fileEncoding = 4; lastKnownFileType = sourcecode.swift; path = PostCell.swift; sourceTree = "<group>"; };
		16F7D4CA1D4E51F5001B7F1E /* DataService.swift */ = {isa = PBXFileReference; fileEncoding = 4; lastKnownFileType = sourcecode.swift; path = DataService.swift; sourceTree = "<group>"; };
		16F7D4CC1D4EE7A0001B7F1E /* Post.swift */ = {isa = PBXFileReference; fileEncoding = 4; lastKnownFileType = sourcecode.swift; path = Post.swift; sourceTree = "<group>"; };
		AAC1F4087AC54D740E588117 /* Pods_MobileDez_Social.framework */ = {isa = PBXFileReference; explicitFileType = wrapper.framework; includeInIndex = 0; path = Pods_MobileDez_Social.framework; sourceTree = BUILT_PRODUCTS_DIR; };
		E4FB488DB54F2BB99A3B1087 /* Pods-MobileDez Social.debug.xcconfig */ = {isa = PBXFileReference; includeInIndex = 1; lastKnownFileType = text.xcconfig; name = "Pods-MobileDez Social.debug.xcconfig"; path = "Pods/Target Support Files/Pods-MobileDez Social/Pods-MobileDez Social.debug.xcconfig"; sourceTree = "<group>"; };
/* End PBXFileReference section */

/* Begin PBXFrameworksBuildPhase section */
		168AC9A11D4B88AA008F4F0C /* Frameworks */ = {
			isa = PBXFrameworksBuildPhase;
			buildActionMask = 2147483647;
			files = (
				D7AF959878A4CEFB8274E45A /* Pods_MobileDez_Social.framework in Frameworks */,
			);
			runOnlyForDeploymentPostprocessing = 0;
		};
/* End PBXFrameworksBuildPhase section */

/* Begin PBXGroup section */
		168AC99B1D4B88AA008F4F0C = {
			isa = PBXGroup;
			children = (
				168AC9A61D4B88B1008F4F0C /* MobileDez Social */,
				168AC9A51D4B88B1008F4F0C /* Products */,
				53F122C0C847DFC3A175D368 /* Pods */,
				AFE86AC6ADE9C8F38BF72608 /* Frameworks */,
			);
			sourceTree = "<group>";
		};
		168AC9A51D4B88B1008F4F0C /* Products */ = {
			isa = PBXGroup;
			children = (
				168AC9A41D4B88B1008F4F0C /* MobileDez Social.app */,
			);
			name = Products;
			sourceTree = "<group>";
		};
		168AC9A61D4B88B1008F4F0C /* MobileDez Social */ = {
			isa = PBXGroup;
			children = (
				16F7D4C91D4E51CC001B7F1E /* Services */,
				1692CABE1D4C666700126B89 /* MobileDez Social.entitlements */,
				168AC9C21D4C0E54008F4F0C /* Util */,
				168AC9BD1D4B92D9008F4F0C /* Controller */,
				168AC9BC1D4B92D3008F4F0C /* View */,
				168AC9BB1D4B92CC008F4F0C /* Model */,
				168AC9A71D4B88B1008F4F0C /* AppDelegate.swift */,
				168AC9AB1D4B88B1008F4F0C /* Main.storyboard */,
				168AC9AE1D4B88B1008F4F0C /* Assets.xcassets */,
				168AC9B01D4B88B1008F4F0C /* LaunchScreen.storyboard */,
				168AC9B31D4B88B1008F4F0C /* Info.plist */,
				168AC9B91D4B89E0008F4F0C /* GoogleService-Info.plist */,
			);
			path = "MobileDez Social";
			sourceTree = "<group>";
		};
		168AC9BB1D4B92CC008F4F0C /* Model */ = {
			isa = PBXGroup;
			children = (
				16F7D4CC1D4EE7A0001B7F1E /* Post.swift */,
			);
			name = Model;
			sourceTree = "<group>";
		};
		168AC9BC1D4B92D3008F4F0C /* View */ = {
			isa = PBXGroup;
			children = (
				168AC9C01D4C0D95008F4F0C /* FancyView.swift */,
				16044B851D4C16790030FDD9 /* FancyFieldTextBox.swift */,
				16044B871D4C17960030FDD9 /* FancyButton.swift */,
				16F7D4C31D4D4A76001B7F1E /* CircleView.swift */,
				16F7D4C51D4D4D86001B7F1E /* RoundBtn.swift */,
				16F7D4C71D4E36D7001B7F1E /* PostCell.swift */,
			);
			name = View;
			sourceTree = "<group>";
		};
		168AC9BD1D4B92D9008F4F0C /* Controller */ = {
			isa = PBXGroup;
			children = (
				168AC9A91D4B88B1008F4F0C /* SignInVC.swift */,
				16F7D4C11D4CF693001B7F1E /* FeedVC.swift */,
			);
			name = Controller;
			sourceTree = "<group>";
		};
		168AC9C21D4C0E54008F4F0C /* Util */ = {
			isa = PBXGroup;
			children = (
				168AC9C31D4C0E92008F4F0C /* Constants.swift */,
			);
			name = Util;
			sourceTree = "<group>";
		};
		16F7D4C91D4E51CC001B7F1E /* Services */ = {
			isa = PBXGroup;
			children = (
				16F7D4CA1D4E51F5001B7F1E /* DataService.swift */,
			);
			name = Services;
			sourceTree = "<group>";
		};
		53F122C0C847DFC3A175D368 /* Pods */ = {
			isa = PBXGroup;
			children = (
				E4FB488DB54F2BB99A3B1087 /* Pods-MobileDez Social.debug.xcconfig */,
				0882B77D9E48967BDFC56C2C /* Pods-MobileDez Social.release.xcconfig */,
			);
			name = Pods;
			sourceTree = "<group>";
		};
		AFE86AC6ADE9C8F38BF72608 /* Frameworks */ = {
			isa = PBXGroup;
			children = (
				AAC1F4087AC54D740E588117 /* Pods_MobileDez_Social.framework */,
			);
			name = Frameworks;
			sourceTree = "<group>";
		};
/* End PBXGroup section */

/* Begin PBXNativeTarget section */
		168AC9A31D4B88AA008F4F0C /* MobileDez Social */ = {
			isa = PBXNativeTarget;
			buildConfigurationList = 168AC9B61D4B88B1008F4F0C /* Build configuration list for PBXNativeTarget "MobileDez Social" */;
			buildPhases = (
				EC251DEE9380A83258BC60C9 /* [CP] Check Pods Manifest.lock */,
				168AC9A01D4B88AA008F4F0C /* Sources */,
				168AC9A11D4B88AA008F4F0C /* Frameworks */,
				168AC9A21D4B88AA008F4F0C /* Resources */,
				0457DCBD46A609C5A5524CE2 /* [CP] Embed Pods Frameworks */,
				76A0BE3244844075949D1B83 /* [CP] Copy Pods Resources */,
			);
			buildRules = (
			);
			dependencies = (
			);
			name = "MobileDez Social";
			productName = "MobileDez Social";
			productReference = 168AC9A41D4B88B1008F4F0C /* MobileDez Social.app */;
			productType = "com.apple.product-type.application";
		};
/* End PBXNativeTarget section */

/* Begin PBXProject section */
		168AC99C1D4B88AA008F4F0C /* Project object */ = {
			isa = PBXProject;
			attributes = {
				LastSwiftUpdateCheck = 0800;
				LastUpgradeCheck = 0800;
				ORGANIZATIONNAME = mobiledez;
				TargetAttributes = {
					168AC9A31D4B88AA008F4F0C = {
						CreatedOnToolsVersion = 8.0;
						DevelopmentTeam = W3U2YZ462W;
						DevelopmentTeamName = "David Zielski (Personal Team)";
						LastSwiftMigration = 0800;
						ProvisioningStyle = Automatic;
						SystemCapabilities = {
							com.apple.Keychain = {
								enabled = 1;
							};
						};
					};
				};
			};
			buildConfigurationList = 168AC99F1D4B88AA008F4F0C /* Build configuration list for PBXProject "MobileDez Social" */;
			compatibilityVersion = "Xcode 3.2";
			developmentRegion = English;
			hasScannedForEncodings = 0;
			knownRegions = (
				en,
				Base,
			);
			mainGroup = 168AC99B1D4B88AA008F4F0C;
			productRefGroup = 168AC9A51D4B88B1008F4F0C /* Products */;
			projectDirPath = "";
			projectRoot = "";
			targets = (
				168AC9A31D4B88AA008F4F0C /* MobileDez Social */,
			);
		};
/* End PBXProject section */

/* Begin PBXResourcesBuildPhase section */
		168AC9A21D4B88AA008F4F0C /* Resources */ = {
			isa = PBXResourcesBuildPhase;
			buildActionMask = 2147483647;
			files = (
				168AC9BA1D4B89E0008F4F0C /* GoogleService-Info.plist in Resources */,
				168AC9B21D4B88B1008F4F0C /* LaunchScreen.storyboard in Resources */,
				168AC9AF1D4B88B1008F4F0C /* Assets.xcassets in Resources */,
				168AC9AD1D4B88B1008F4F0C /* Main.storyboard in Resources */,
			);
			runOnlyForDeploymentPostprocessing = 0;
		};
/* End PBXResourcesBuildPhase section */

/* Begin PBXShellScriptBuildPhase section */
		0457DCBD46A609C5A5524CE2 /* [CP] Embed Pods Frameworks */ = {
			isa = PBXShellScriptBuildPhase;
			buildActionMask = 2147483647;
			files = (
			);
			inputPaths = (
			);
			name = "[CP] Embed Pods Frameworks";
			outputPaths = (
			);
			runOnlyForDeploymentPostprocessing = 0;
			shellPath = /bin/sh;
			shellScript = "\"${SRCROOT}/Pods/Target Support Files/Pods-MobileDez Social/Pods-MobileDez Social-frameworks.sh\"\n";
			showEnvVarsInLog = 0;
		};
		76A0BE3244844075949D1B83 /* [CP] Copy Pods Resources */ = {
			isa = PBXShellScriptBuildPhase;
			buildActionMask = 2147483647;
			files = (
			);
			inputPaths = (
			);
			name = "[CP] Copy Pods Resources";
			outputPaths = (
			);
			runOnlyForDeploymentPostprocessing = 0;
			shellPath = /bin/sh;
			shellScript = "\"${SRCROOT}/Pods/Target Support Files/Pods-MobileDez Social/Pods-MobileDez Social-resources.sh\"\n";
			showEnvVarsInLog = 0;
		};
		EC251DEE9380A83258BC60C9 /* [CP] Check Pods Manifest.lock */ = {
			isa = PBXShellScriptBuildPhase;
			buildActionMask = 2147483647;
			files = (
			);
			inputPaths = (
			);
			name = "[CP] Check Pods Manifest.lock";
			outputPaths = (
			);
			runOnlyForDeploymentPostprocessing = 0;
			shellPath = /bin/sh;
			shellScript = "diff \"${PODS_ROOT}/../Podfile.lock\" \"${PODS_ROOT}/Manifest.lock\" > /dev/null\nif [[ $? != 0 ]] ; then\n    cat << EOM\nerror: The sandbox is not in sync with the Podfile.lock. Run 'pod install' or update your CocoaPods installation.\nEOM\n    exit 1\nfi\n";
			showEnvVarsInLog = 0;
		};
/* End PBXShellScriptBuildPhase section */

/* Begin PBXSourcesBuildPhase section */
		168AC9A01D4B88AA008F4F0C /* Sources */ = {
			isa = PBXSourcesBuildPhase;
			buildActionMask = 2147483647;
			files = (
				16F7D4C41D4D4A76001B7F1E /* CircleView.swift in Sources */,
				168AC9AA1D4B88B1008F4F0C /* SignInVC.swift in Sources */,
				16F7D4C21D4CF693001B7F1E /* FeedVC.swift in Sources */,
				16F7D4CD1D4EE7A0001B7F1E /* Post.swift in Sources */,
				16044B861D4C16790030FDD9 /* FancyFieldTextBox.swift in Sources */,
				168AC9A81D4B88B1008F4F0C /* AppDelegate.swift in Sources */,
				16F7D4CB1D4E51F5001B7F1E /* DataService.swift in Sources */,
				16044B881D4C17960030FDD9 /* FancyButton.swift in Sources */,
				16F7D4C61D4D4D86001B7F1E /* RoundBtn.swift in Sources */,
				168AC9C11D4C0D95008F4F0C /* FancyView.swift in Sources */,
				168AC9C41D4C0E92008F4F0C /* Constants.swift in Sources */,
				16F7D4C81D4E36D7001B7F1E /* PostCell.swift in Sources */,
			);
			runOnlyForDeploymentPostprocessing = 0;
		};
/* End PBXSourcesBuildPhase section */

/* Begin PBXVariantGroup section */
		168AC9AB1D4B88B1008F4F0C /* Main.storyboard */ = {
			isa = PBXVariantGroup;
			children = (
				168AC9AC1D4B88B1008F4F0C /* Base */,
			);
			name = Main.storyboard;
			sourceTree = "<group>";
		};
		168AC9B01D4B88B1008F4F0C /* LaunchScreen.storyboard */ = {
			isa = PBXVariantGroup;
			children = (
				168AC9B11D4B88B1008F4F0C /* Base */,
			);
			name = LaunchScreen.storyboard;
			sourceTree = "<group>";
		};
/* End PBXVariantGroup section */

/* Begin XCBuildConfiguration section */
		168AC9B41D4B88B1008F4F0C /* Debug */ = {
			isa = XCBuildConfiguration;
			buildSettings = {
				ALWAYS_SEARCH_USER_PATHS = NO;
				CLANG_ANALYZER_NONNULL = YES;
				CLANG_CXX_LANGUAGE_STANDARD = "gnu++0x";
				CLANG_CXX_LIBRARY = "libc++";
				CLANG_ENABLE_MODULES = YES;
				CLANG_ENABLE_OBJC_ARC = YES;
				CLANG_WARN_BOOL_CONVERSION = YES;
				CLANG_WARN_CONSTANT_CONVERSION = YES;
				CLANG_WARN_DIRECT_OBJC_ISA_USAGE = YES_ERROR;
				CLANG_WARN_DOCUMENTATION_COMMENTS = YES;
				CLANG_WARN_EMPTY_BODY = YES;
				CLANG_WARN_ENUM_CONVERSION = YES;
				CLANG_WARN_INT_CONVERSION = YES;
				CLANG_WARN_OBJC_ROOT_CLASS = YES_ERROR;
				CLANG_WARN_UNREACHABLE_CODE = YES;
				CLANG_WARN__DUPLICATE_METHOD_MATCH = YES;
				"CODE_SIGN_IDENTITY[sdk=iphoneos*]" = "iPhone Developer";
				COPY_PHASE_STRIP = NO;
				DEBUG_INFORMATION_FORMAT = dwarf;
				ENABLE_STRICT_OBJC_MSGSEND = YES;
				ENABLE_TESTABILITY = YES;
				GCC_C_LANGUAGE_STANDARD = gnu99;
				GCC_DYNAMIC_NO_PIC = NO;
				GCC_NO_COMMON_BLOCKS = YES;
				GCC_OPTIMIZATION_LEVEL = 0;
				GCC_PREPROCESSOR_DEFINITIONS = (
					"DEBUG=1",
					"$(inherited)",
				);
				GCC_WARN_64_TO_32_BIT_CONVERSION = YES;
				GCC_WARN_ABOUT_RETURN_TYPE = YES_ERROR;
				GCC_WARN_UNDECLARED_SELECTOR = YES;
				GCC_WARN_UNINITIALIZED_AUTOS = YES_AGGRESSIVE;
				GCC_WARN_UNUSED_FUNCTION = YES;
				GCC_WARN_UNUSED_VARIABLE = YES;
				IPHONEOS_DEPLOYMENT_TARGET = 10.0;
				MTL_ENABLE_DEBUG_INFO = YES;
				ONLY_ACTIVE_ARCH = YES;
				SDKROOT = iphoneos;
				SWIFT_ACTIVE_COMPILATION_CONDITIONS = DEBUG;
				SWIFT_OPTIMIZATION_LEVEL = "-Onone";
			};
			name = Debug;
		};
		168AC9B51D4B88B1008F4F0C /* Release */ = {
			isa = XCBuildConfiguration;
			buildSettings = {
				ALWAYS_SEARCH_USER_PATHS = NO;
				CLANG_ANALYZER_NONNULL = YES;
				CLANG_CXX_LANGUAGE_STANDARD = "gnu++0x";
				CLANG_CXX_LIBRARY = "libc++";
				CLANG_ENABLE_MODULES = YES;
				CLANG_ENABLE_OBJC_ARC = YES;
				CLANG_WARN_BOOL_CONVERSION = YES;
				CLANG_WARN_CONSTANT_CONVERSION = YES;
				CLANG_WARN_DIRECT_OBJC_ISA_USAGE = YES_ERROR;
				CLANG_WARN_DOCUMENTATION_COMMENTS = YES;
				CLANG_WARN_EMPTY_BODY = YES;
				CLANG_WARN_ENUM_CONVERSION = YES;
				CLANG_WARN_INT_CONVERSION = YES;
				CLANG_WARN_OBJC_ROOT_CLASS = YES_ERROR;
				CLANG_WARN_UNREACHABLE_CODE = YES;
				CLANG_WARN__DUPLICATE_METHOD_MATCH = YES;
				"CODE_SIGN_IDENTITY[sdk=iphoneos*]" = "iPhone Developer";
				COPY_PHASE_STRIP = NO;
				DEBUG_INFORMATION_FORMAT = "dwarf-with-dsym";
				ENABLE_NS_ASSERTIONS = NO;
				ENABLE_STRICT_OBJC_MSGSEND = YES;
				GCC_C_LANGUAGE_STANDARD = gnu99;
				GCC_NO_COMMON_BLOCKS = YES;
				GCC_WARN_64_TO_32_BIT_CONVERSION = YES;
				GCC_WARN_ABOUT_RETURN_TYPE = YES_ERROR;
				GCC_WARN_UNDECLARED_SELECTOR = YES;
				GCC_WARN_UNINITIALIZED_AUTOS = YES_AGGRESSIVE;
				GCC_WARN_UNUSED_FUNCTION = YES;
				GCC_WARN_UNUSED_VARIABLE = YES;
				IPHONEOS_DEPLOYMENT_TARGET = 10.0;
				MTL_ENABLE_DEBUG_INFO = NO;
				SDKROOT = iphoneos;
				SWIFT_OPTIMIZATION_LEVEL = "-Owholemodule";
				VALIDATE_PRODUCT = YES;
			};
			name = Release;
		};
		168AC9B71D4B88B1008F4F0C /* Debug */ = {
			isa = XCBuildConfiguration;
			baseConfigurationReference = E4FB488DB54F2BB99A3B1087 /* Pods-MobileDez Social.debug.xcconfig */;
			buildSettings = {
				ASSETCATALOG_COMPILER_APPICON_NAME = AppIcon;
				CODE_SIGN_ENTITLEMENTS = "MobileDez Social/MobileDez Social.entitlements";
				INFOPLIST_FILE = "MobileDez Social/Info.plist";
				LD_RUNPATH_SEARCH_PATHS = "$(inherited) @executable_path/Frameworks";
				PRODUCT_BUNDLE_IDENTIFIER = "com.mobiledez.MobileDez-Social";
				PRODUCT_NAME = "$(TARGET_NAME)";
				SWIFT_VERSION = 3.0;
			};
			name = Debug;
		};
		168AC9B81D4B88B1008F4F0C /* Release */ = {
			isa = XCBuildConfiguration;
			baseConfigurationReference = 0882B77D9E48967BDFC56C2C /* Pods-MobileDez Social.release.xcconfig */;
			buildSettings = {
				ASSETCATALOG_COMPILER_APPICON_NAME = AppIcon;
				CODE_SIGN_ENTITLEMENTS = "MobileDez Social/MobileDez Social.entitlements";
				INFOPLIST_FILE = "MobileDez Social/Info.plist";
				LD_RUNPATH_SEARCH_PATHS = "$(inherited) @executable_path/Frameworks";
				PRODUCT_BUNDLE_IDENTIFIER = "com.mobiledez.MobileDez-Social";
				PRODUCT_NAME = "$(TARGET_NAME)";
				SWIFT_VERSION = 3.0;
			};
			name = Release;
		};
/* End XCBuildConfiguration section */

/* Begin XCConfigurationList section */
		168AC99F1D4B88AA008F4F0C /* Build configuration list for PBXProject "MobileDez Social" */ = {
			isa = XCConfigurationList;
			buildConfigurations = (
				168AC9B41D4B88B1008F4F0C /* Debug */,
				168AC9B51D4B88B1008F4F0C /* Release */,
			);
			defaultConfigurationIsVisible = 0;
			defaultConfigurationName = Release;
		};
		168AC9B61D4B88B1008F4F0C /* Build configuration list for PBXNativeTarget "MobileDez Social" */ = {
			isa = XCConfigurationList;
			buildConfigurations = (
				168AC9B71D4B88B1008F4F0C /* Debug */,
				168AC9B81D4B88B1008F4F0C /* Release */,
			);
			defaultConfigurationIsVisible = 0;
			defaultConfigurationName = Release;
		};
/* End XCConfigurationList section */
	};
	rootObject = 168AC99C1D4B88AA008F4F0C /* Project object */;
}
